
Microsoft Visual Studio Solution File, Format Version 12.00
# Visual Studio 15
VisualStudioVersion = 15.0.27428.2027
MinimumVisualStudioVersion = 10.0.40219.1
Project("{FAE04EC0-301F-11D3-BF4B-00C04F79EFBC}") = "LAB_VM4", "LAB_VM4\LAB_VM4.csproj", "{4CBF6795-F868-4FDB-8EBA-9133A40753A5}"
EndProject
Project("{FAE04EC0-301F-11D3-BF4B-00C04F79EFBC}") = "Lab4_VM_Test", "Lab4_VM_Test\Lab4_VM_Test.csproj", "{172530DC-C419-4EE7-B78F-7EF233F2545A}"
EndProject
Global
	GlobalSection(SolutionConfigurationPlatforms) = preSolution
		Debug|Any CPU = Debug|Any CPU
		Release|Any CPU = Release|Any CPU
	EndGlobalSection
	GlobalSection(ProjectConfigurationPlatforms) = postSolution
		{4CBF6795-F868-4FDB-8EBA-9133A40753A5}.Debug|Any CPU.ActiveCfg = Debug|Any CPU
		{4CBF6795-F868-4FDB-8EBA-9133A40753A5}.Debug|Any CPU.Build.0 = Debug|Any CPU
		{4CBF6795-F868-4FDB-8EBA-9133A40753A5}.Release|Any CPU.ActiveCfg = Release|Any CPU
		{4CBF6795-F868-4FDB-8EBA-9133A40753A5}.Release|Any CPU.Build.0 = Release|Any CPU
		{172530DC-C419-4EE7-B78F-7EF233F2545A}.Debug|Any CPU.ActiveCfg = Debug|Any CPU
		{172530DC-C419-4EE7-B78F-7EF233F2545A}.Debug|Any CPU.Build.0 = Debug|Any CPU
		{172530DC-C419-4EE7-B78F-7EF233F2545A}.Release|Any CPU.ActiveCfg = Release|Any CPU
		{172530DC-C419-4EE7-B78F-7EF233F2545A}.Release|Any CPU.Build.0 = Release|Any CPU
	EndGlobalSection
	GlobalSection(SolutionProperties) = preSolution
		HideSolutionNode = FALSE
	EndGlobalSection
	GlobalSection(ExtensibilityGlobals) = postSolution
		SolutionGuid = {FB3936E3-CD15-4F24-AC3F-5AAEC4EF84A7}
	EndGlobalSection
EndGlobal
